github.com/StackExchange/wmi v0.0.0-20181212234831-e0a55b97c705 h1:UUppSQnhf4Yc6xGxSkoQpPhb7RVzuv5Nb1mwJ5VId9s=
github.com/StackExchange/wmi v0.0.0-20181212234831-e0a55b97c705/go.mod h1:3eOhrUMpNV+6aFIbp5/iudMxNCF27Vw2OZgy4xEx0Fg=
github.com/go-ole/go-ole v1.2.4 h1:nNBDSCOigTSiarFpYE9J/KtEA1IOW4CNeqT9TQDqCxI=
github.com/go-ole/go-ole v1.2.4/go.mod h1:XCwSNxSkXRo4vlyPy93sltvi/qJq0jqQhjqQNIwKuxM=
github.com/mattn/go-runewidth v0.0.4 h1:2BvfKmzob6Bmd4YsL0zygOqfdFnK7GR4QL06Do4/p7Y=
github.com/mattn/go-runewidth v0.0.4/go.mod h1:LwmH8dsx7+W8Uxz3IHJYH5QSwggIsqBzpuz5H//U1FU=
github.com/shirou/gopsutil v2.18.12+incompatible h1:1eaJvGomDnH74/5cF4CTmTbLHAriGFsTZppLXDX93OM=
github.com/shirou/gopsutil v2.18.12+incompatible/go.mod h1:5b4v6he4MtMOwMlS0TUMTu2PcXUg8+E1lC7eC3UO/RA=
golang.org/x/crypto v0.0.0-20190313024323-a1f597ede03a h1:YX8ljsm6wXlHZO+aRz9Exqr0evNhKRNe5K/gi+zKh4U=
golang.org/x/crypto v0.0.0-20190313024323-a1f597ede03a/go.mod h1:djNgcEr1/C05ACkg1iLfiJU5Ep61QUkGW8qpdssI0+w=
golang.org/x/sys v0.0.0-20190215142949-d0b11bdaac8a/go.mod h1:STP8DvDyc/dI5b8T5hshtkjS+E42TnysNCUPdjciGhY=
golang.org/x/sys v0.0.0-20190318195719-6c81ef8f67ca h1:o2TLx1bGN3W+Ei0EMU5fShLupLmTOU95KvJJmfYhAzM=
golang.org/x/sys v0.0.0-20190318195719-6c81ef8f67ca/go.mod h1:h1NjWce9XRLGQEsW7wpKNCjG9DtNlClVuFLEZdDNbEs=
golang.org/x/text v0.3.0 h1:g61tztE5qeGQ89tm6NTjjM9VPIm088od1l6aSorWRWg=
golang.org/x/text v0.3.0/go.mod h1:NqM8EUOU14njkJ3fqMW+pc6Ldnwhi/IjpwHt7yyuwOQ=
gopkg.in/check.v1 v0.0.0-20161208181325-20d25e280405 h1:yhCVgyC4o1eVCa2tZl7eS0r+SDo693bJlVdllGtEeKM=
gopkg.in/check.v1 v0.0.0-20161208181325-20d25e280405/go.mod h1:Co6ibVJAznAaIkqp8huTwlJQCZ016jof/cbN4VW5Yz0=
gopkg.in/yaml.v2 v2.2.2 h1:ZCJp+EgiOT7lHqUV2J862kp8Qj64Jo6az82+3Td9dZw=
gopkg.in/yaml.v2 v2.2.2/go.mod h1:hI93XBmqTisBFMUTm0b8Fm+jr3Dg1NNxqwp+5A1VGuI=
